
Microsoft Visual Studio Solution File, Format Version 12.00
# Visual Studio 15
VisualStudioVersion = 15.0.28010.2016
MinimumVisualStudioVersion = 10.0.40219.1
Project("{FAE04EC0-301F-11D3-BF4B-00C04F79EFBC}") = "BaseBallAnalisis", "BaseBallAnalisis\BaseBallAnalisis.csproj", "{9BEAD956-6760-411E-82C4-07DF76D5E124}"
EndProject
Project("{FAE04EC0-301F-11D3-BF4B-00C04F79EFBC}") = "CapaDdatos", "CapaDdatos\CapaDdatos.csproj", "{9F8A877D-0D39-4A8D-90F5-646913C1DF5A}"
EndProject
Project("{FAE04EC0-301F-11D3-BF4B-00C04F79EFBC}") = "CapaDnegocios", "CapaDnegocios\CapaDnegocios.csproj", "{37CAD861-8599-488A-B79F-7B39C7AFAA77}"
EndProject
Global
	GlobalSection(SolutionConfigurationPlatforms) = preSolution
		Debug|Any CPU = Debug|Any CPU
		Release|Any CPU = Release|Any CPU
	EndGlobalSection
	GlobalSection(ProjectConfigurationPlatforms) = postSolution
		{9BEAD956-6760-411E-82C4-07DF76D5E124}.Debug|Any CPU.ActiveCfg = Debug|Any CPU
		{9BEAD956-6760-411E-82C4-07DF76D5E124}.Debug|Any CPU.Build.0 = Debug|Any CPU
		{9BEAD956-6760-411E-82C4-07DF76D5E124}.Release|Any CPU.ActiveCfg = Release|Any CPU
		{9BEAD956-6760-411E-82C4-07DF76D5E124}.Release|Any CPU.Build.0 = Release|Any CPU
		{9F8A877D-0D39-4A8D-90F5-646913C1DF5A}.Debug|Any CPU.ActiveCfg = Debug|Any CPU
		{9F8A877D-0D39-4A8D-90F5-646913C1DF5A}.Debug|Any CPU.Build.0 = Debug|Any CPU
		{9F8A877D-0D39-4A8D-90F5-646913C1DF5A}.Release|Any CPU.ActiveCfg = Release|Any CPU
		{9F8A877D-0D39-4A8D-90F5-646913C1DF5A}.Release|Any CPU.Build.0 = Release|Any CPU
		{37CAD861-8599-488A-B79F-7B39C7AFAA77}.Debug|Any CPU.ActiveCfg = Debug|Any CPU
		{37CAD861-8599-488A-B79F-7B39C7AFAA77}.Debug|Any CPU.Build.0 = Debug|Any CPU
		{37CAD861-8599-488A-B79F-7B39C7AFAA77}.Release|Any CPU.ActiveCfg = Release|Any CPU
		{37CAD861-8599-488A-B79F-7B39C7AFAA77}.Release|Any CPU.Build.0 = Release|Any CPU
	EndGlobalSection
	GlobalSection(SolutionProperties) = preSolution
		HideSolutionNode = FALSE
	EndGlobalSection
	GlobalSection(ExtensibilityGlobals) = postSolution
		SolutionGuid = {EEC50935-BC09-438D-A02B-C7D5D8A5DE2C}
	EndGlobalSection
EndGlobal
